
Microsoft Visual Studio Solution File, Format Version 12.00
# Visual Studio Version 16
VisualStudioVersion = 16.0.31129.286
MinimumVisualStudioVersion = 10.0.40219.1
Project("{8BC9CEB8-8B4A-11D0-8D11-00A0C91BC942}") = "WhatJustClosed", "WhatJustClosed.vcxproj", "{5A468E0A-B038-439B-8FDF-E0538B6F64B1}"
EndProject
Project("{8BC9CEB8-8B4A-11D0-8D11-00A0C91BC942}") = "WJCHelper", "..\WJCHelper\WJCHelper.vcxproj", "{504D29D6-45F0-4870-BA98-3E1674654F79}"
EndProject
Global
	GlobalSection(SolutionConfigurationPlatforms) = preSolution
		Debug|x64 = Debug|x64
		Debug|x86 = Debug|x86
		Release|x64 = Release|x64
		Release|x86 = Release|x86
	EndGlobalSection
	GlobalSection(ProjectConfigurationPlatforms) = postSolution
		{5A468E0A-B038-439B-8FDF-E0538B6F64B1}.Debug|x64.ActiveCfg = Debug|x64
		{5A468E0A-B038-439B-8FDF-E0538B6F64B1}.Debug|x64.Build.0 = Debug|x64
		{5A468E0A-B038-439B-8FDF-E0538B6F64B1}.Debug|x86.ActiveCfg = Debug|Win32
		{5A468E0A-B038-439B-8FDF-E0538B6F64B1}.Debug|x86.Build.0 = Debug|Win32
		{5A468E0A-B038-439B-8FDF-E0538B6F64B1}.Release|x64.ActiveCfg = Release|x64
		{5A468E0A-B038-439B-8FDF-E0538B6F64B1}.Release|x64.Build.0 = Release|x64
		{5A468E0A-B038-439B-8FDF-E0538B6F64B1}.Release|x86.ActiveCfg = Release|Win32
		{5A468E0A-B038-439B-8FDF-E0538B6F64B1}.Release|x86.Build.0 = Release|Win32
		{504D29D6-45F0-4870-BA98-3E1674654F79}.Debug|x64.ActiveCfg = Debug|x64
		{504D29D6-45F0-4870-BA98-3E1674654F79}.Debug|x64.Build.0 = Debug|x64
		{504D29D6-45F0-4870-BA98-3E1674654F79}.Debug|x86.ActiveCfg = Debug|Win32
		{504D29D6-45F0-4870-BA98-3E1674654F79}.Debug|x86.Build.0 = Debug|Win32
		{504D29D6-45F0-4870-BA98-3E1674654F79}.Release|x64.ActiveCfg = Release|x64
		{504D29D6-45F0-4870-BA98-3E1674654F79}.Release|x64.Build.0 = Release|x64
		{504D29D6-45F0-4870-BA98-3E1674654F79}.Release|x86.ActiveCfg = Release|Win32
		{504D29D6-45F0-4870-BA98-3E1674654F79}.Release|x86.Build.0 = Release|Win32
	EndGlobalSection
	GlobalSection(SolutionProperties) = preSolution
		HideSolutionNode = FALSE
	EndGlobalSection
	GlobalSection(ExtensibilityGlobals) = postSolution
		SolutionGuid = {9B4C2374-523B-42C1-99D4-38CA9DDB1E0B}
	EndGlobalSection
EndGlobal
